schema: '2.0'
stages:
  preprocess:
    cmd: python pipeline/preprocess.py data/raw/train.csv data/processed/train_processed.csv
    deps:
    - path: data/raw/train.csv
      hash: md5
      md5: 8cf8d6d39aecf7cc6466eb79b0ed6e1b
      size: 805421
    - path: pipeline/preprocess.py
      hash: md5
      md5: 1ea1dfb043d0f2a9eabbb850a55590e2
      size: 576
    outs:
    - path: data/processed/train_processed.csv
      hash: md5
      md5: ba873d6880ac092f2140911c1da92883
      size: 524228
  train_model:
    cmd: python pipeline/train_model.py data/processed/train_processed.csv models/catboost_model.cbm
    deps:
    - path: data/processed/train_processed.csv
      hash: md5
      md5: ba873d6880ac092f2140911c1da92883
      size: 524228
    - path: src/features/build_features.py
      hash: md5
      md5: 843e55599e5c2ef85f939c58a199cbf5
      size: 884
    - path: src/models/train_model.py
      hash: md5
      md5: e0e13797d0162434435d673bfba629dd
      size: 2931
    outs:
    - path: models/catboost_model.cbm
      hash: md5
      md5: 8415024eac99c70f1077e05d4f82bec8
      size: 40230
